<?xml version="1.0" encoding="utf-8"?>
<Project ToolsVersion="4.0" xmlns="http://schemas.microsoft.com/developer/msbuild/2003">
  <ItemGroup>
    <Filter Include="Source Files">
      <UniqueIdentifier>{4FC737F1-C7A5-4376-A066-2A32D752A2FF}</UniqueIdentifier>
      <Extensions>cpp;c;cc;cxx;def;odl;idl;hpj;bat;asm;asmx</Extensions>
    </Filter>
    <Filter Include="Header Files">
      <UniqueIdentifier>{93995380-89BD-4b04-88EB-625FBE52EBFB}</UniqueIdentifier>
      <Extensions>h;hpp;hxx;hm;inl;inc;xsd</Extensions>
    </Filter>
    <Filter Include="Scene2D">
      <UniqueIdentifier>{a357a60d-f2e7-4675-b29d-d35641c7a73c}</UniqueIdentifier>
    </Filter>
    <Filter Include="SoundController">
      <UniqueIdentifier>{55d5b307-3837-487f-8de7-be46e8a3edc8}</UniqueIdentifier>
    </Filter>
    <Filter Include="GameStateManager">
      <UniqueIdentifier>{7040bed9-7b05-4ae1-84fc-6f9ed6c089f1}</UniqueIdentifier>
    </Filter>
  </ItemGroup>
  <ItemGroup>
    <ClCompile Include="Source\Application.cpp">
      <Filter>Source Files</Filter>
    </ClCompile>
    <ClCompile Include="Source\main.cpp">
      <Filter>Source Files</Filter>
    </ClCompile>
    <ClCompile Include="Source\Scene2D\Scene2D.cpp">
      <Filter>Scene2D</Filter>
    </ClCompile>
    <ClCompile Include="Source\Scene2D\Map2D.cpp">
      <Filter>Scene2D</Filter>
    </ClCompile>
    <ClCompile Include="Source\Scene2D\Player2D.cpp">
      <Filter>Scene2D</Filter>
    </ClCompile>
    <ClCompile Include="Source\Scene2D\InventoryManager.cpp">
      <Filter>Scene2D</Filter>
    </ClCompile>
    <ClCompile Include="Source\Scene2D\GUI_Scene2D.cpp">
      <Filter>Scene2D</Filter>
    </ClCompile>
    <ClCompile Include="Source\Scene2D\InventoryItem.cpp">
      <Filter>Scene2D</Filter>
    </ClCompile>
    <ClCompile Include="Source\Scene2D\Physics2D.cpp">
      <Filter>Scene2D</Filter>
    </ClCompile>
    <ClCompile Include="Source\Scene2D\GameManager.cpp">
      <Filter>Scene2D</Filter>
    </ClCompile>
    <ClCompile Include="Source\SoundController\SoundInfo.cpp">
      <Filter>SoundController</Filter>
    </ClCompile>
    <ClCompile Include="Source\SoundController\SoundController.cpp">
      <Filter>SoundController</Filter>
    </ClCompile>
    <ClCompile Include="Source\Scene2D\Enemy2D.cpp">
      <Filter>Scene2D</Filter>
    </ClCompile>
    <ClCompile Include="Source\Scene2D\BackgroundEntity.cpp">
      <Filter>Scene2D</Filter>
    </ClCompile>
    <ClCompile Include="Source\GameStateManagement\GameStateManager.cpp">
      <Filter>GameStateManager</Filter>
    </ClCompile>
    <ClCompile Include="Source\GameStateManagement\MenuState.cpp">
      <Filter>GameStateManager</Filter>
    </ClCompile>
    <ClCompile Include="Source\GameStateManagement\PauseState.cpp">
      <Filter>GameStateManager</Filter>
    </ClCompile>
    <ClCompile Include="Source\GameStateManagement\PlayGameState.cpp">
      <Filter>GameStateManager</Filter>
    </ClCompile>
    <ClCompile Include="Source\GameStateManagement\IntroState.cpp">
      <Filter>GameStateManager</Filter>
    </ClCompile>
    <ClCompile Include="Source\GameStateManagement\end.cpp">
      <Filter>GameStateManager</Filter>
    </ClCompile>
    <ClCompile Include="Source\Scene2D\ghens.cpp">
      <Filter>Scene2D</Filter>
    </ClCompile>
    <ClCompile Include="Source\Scene2D\bullet.cpp">
      <Filter>Scene2D</Filter>
    </ClCompile>
  </ItemGroup>
  <ItemGroup>
    <ClInclude Include="Source\Application.h">
      <Filter>Header Files</Filter>
    </ClInclude>
    <ClInclude Include="Source\Scene2D\Map2D.h">
      <Filter>Scene2D</Filter>
    </ClInclude>
    <ClInclude Include="Source\Scene2D\Player2D.h">
      <Filter>Scene2D</Filter>
    </ClInclude>
    <ClInclude Include="Source\Scene2D\Scene2D.h">
      <Filter>Scene2D</Filter>
    </ClInclude>
    <ClInclude Include="Source\Scene2D\InventoryManager.h">
      <Filter>Scene2D</Filter>
    </ClInclude>
    <ClInclude Include="Source\Scene2D\GUI_Scene2D.h">
      <Filter>Scene2D</Filter>
    </ClInclude>
    <ClInclude Include="Source\Scene2D\InventoryItem.h">
      <Filter>Scene2D</Filter>
    </ClInclude>
    <ClInclude Include="Source\Scene2D\Physics2D.h">
      <Filter>Scene2D</Filter>
    </ClInclude>
    <ClInclude Include="Source\Scene2D\GameManager.h">
      <Filter>Scene2D</Filter>
    </ClInclude>
    <ClInclude Include="Source\SoundController\SoundInfo.h">
      <Filter>SoundController</Filter>
    </ClInclude>
    <ClInclude Include="Source\SoundController\SoundController.h">
      <Filter>SoundController</Filter>
    </ClInclude>
    <ClInclude Include="Source\Scene2D\Enemy2D.h">
      <Filter>Scene2D</Filter>
    </ClInclude>
    <ClInclude Include="Source\Scene2D\BackgroundEntity.h">
      <Filter>Scene2D</Filter>
    </ClInclude>
    <ClInclude Include="Source\GameStateManagement\PauseState.h">
      <Filter>GameStateManager</Filter>
    </ClInclude>
    <ClInclude Include="Source\GameStateManagement\PlayGameState.h">
      <Filter>GameStateManager</Filter>
    </ClInclude>
    <ClInclude Include="Source\GameStateManagement\MenuState.h">
      <Filter>GameStateManager</Filter>
    </ClInclude>
    <ClInclude Include="Source\GameStateManagement\IntroState.h">
      <Filter>GameStateManager</Filter>
    </ClInclude>
    <ClInclude Include="Source\GameStateManagement\GameStateManager.h">
      <Filter>GameStateManager</Filter>
    </ClInclude>
    <ClInclude Include="Source\GameStateManagement\GameStateBase.h">
      <Filter>GameStateManager</Filter>
    </ClInclude>
    <ClInclude Include="Source\GameStateManagement\end.h">
      <Filter>GameStateManager</Filter>
    </ClInclude>
    <ClInclude Include="Source\Scene2D\ghens.h">
      <Filter>Scene2D</Filter>
    </ClInclude>
    <ClInclude Include="Source\Scene2D\bullet.h">
      <Filter>Scene2D</Filter>
    </ClInclude>
  </ItemGroup>
</Project>